<?xml version="1.0" encoding="utf-8"?>
<Project ToolsVersion="4.0" xmlns="http://schemas.microsoft.com/developer/msbuild/2003">
  <ItemGroup>
    <ClCompile Include="externals\imgui\imgui.cpp">
      <Filter>ImGui</Filter>
    </ClCompile>
    <ClCompile Include="externals\imgui\imgui_draw.cpp">
      <Filter>ImGui</Filter>
    </ClCompile>
    <ClCompile Include="externals\imgui\imgui_demo.cpp">
      <Filter>ImGui</Filter>
    </ClCompile>
    <ClCompile Include="externals\imgui\imgui_impl_dx12.cpp">
      <Filter>ImGui</Filter>
    </ClCompile>
    <ClCompile Include="externals\imgui\imgui_impl_win32.cpp">
      <Filter>ImGui</Filter>
    </ClCompile>
    <ClCompile Include="externals\imgui\imgui_tables.cpp">
      <Filter>ImGui</Filter>
    </ClCompile>
    <ClCompile Include="externals\imgui\imgui_widgets.cpp">
      <Filter>ImGui</Filter>
    </ClCompile>
    <ClCompile Include="Engine\ImGuiLayer.cpp">
      <Filter>ImGui</Filter>
    </ClCompile>
    <ClCompile Include="Engine\App.cpp">
      <Filter>Core</Filter>
    </ClCompile>
    <ClCompile Include="Engine\Audio.cpp">
      <Filter>Core</Filter>
    </ClCompile>
    <ClCompile Include="Engine\Input.cpp">
      <Filter>Core</Filter>
    </ClCompile>
    <ClCompile Include="Engine\WindowDX.cpp">
      <Filter>Core</Filter>
    </ClCompile>
    <ClCompile Include="Engine\Renderer.cpp">
      <Filter>Graphics</Filter>
    </ClCompile>
    <ClCompile Include="Engine\Camera.cpp">
      <Filter>Graphics</Filter>
    </ClCompile>
    <ClCompile Include="Engine\Model.cpp">
      <Filter>Graphics</Filter>
    </ClCompile>
    <ClCompile Include="Engine\TextureManager.cpp">
      <Filter>Graphics</Filter>
    </ClCompile>
    <ClCompile Include="Engine\Water\WaterSurface.cpp">
      <Filter>Graphics</Filter>
    </ClCompile>
    <ClCompile Include="Engine\Particle.cpp">
      <Filter>Particle</Filter>
    </ClCompile>
    <ClCompile Include="Engine\ParticleEditor.cpp">
      <Filter>Particle</Filter>
    </ClCompile>
    <ClCompile Include="Engine\ParticleEmitter.cpp">
      <Filter>Particle</Filter>
    </ClCompile>
    <ClCompile Include="Engine\SceneManager.cpp">
      <Filter>Scene</Filter>
    </ClCompile>
    <ClCompile Include="Engine\EntityManager.cpp">
      <Filter>ECS</Filter>
    </ClCompile>
    <ClCompile Include="Engine\RenderSystem.cpp">
      <Filter>ECS</Filter>
    </ClCompile>
    <ClCompile Include="Engine\CollisionSystem.cpp">
      <Filter>ECS</Filter>
    </ClCompile>
    <ClCompile Include="Engine\JobSystem.cpp">
      <Filter>ECS</Filter>
    </ClCompile>
    <ClCompile Include="Engine\QuadTree.cpp" />
  </ItemGroup>
  <ItemGroup>
    <ClInclude Include="externals\imgui\imgui.h">
      <Filter>ImGui</Filter>
    </ClInclude>
    <ClInclude Include="externals\imgui\imgui_impl_dx12.h">
      <Filter>ImGui</Filter>
    </ClInclude>
    <ClInclude Include="externals\imgui\imgui_impl_win32.h">
      <Filter>ImGui</Filter>
    </ClInclude>
    <ClInclude Include="externals\imgui\imgui_internal.h">
      <Filter>ImGui</Filter>
    </ClInclude>
    <ClInclude Include="Engine\ImGuiLayer.h">
      <Filter>ImGui</Filter>
    </ClInclude>
    <ClInclude Include="Engine\App.h">
      <Filter>Core</Filter>
    </ClInclude>
    <ClInclude Include="Engine\Audio.h">
      <Filter>Core</Filter>
    </ClInclude>
    <ClInclude Include="Engine\GameObject.h">
      <Filter>Core</Filter>
    </ClInclude>
    <ClInclude Include="Engine\Input.h">
      <Filter>Core</Filter>
    </ClInclude>
    <ClInclude Include="Engine\WindowDX.h">
      <Filter>Core</Filter>
    </ClInclude>
    <ClInclude Include="Engine\Matrix4x4.h">
      <Filter>Math</Filter>
    </ClInclude>
    <ClInclude Include="Engine\Transform.h">
      <Filter>Math</Filter>
    </ClInclude>
    <ClInclude Include="Engine\Renderer.h">
      <Filter>Graphics</Filter>
    </ClInclude>
    <ClInclude Include="Engine\Camera.h">
      <Filter>Graphics</Filter>
    </ClInclude>
    <ClInclude Include="Engine\Model.h">
      <Filter>Graphics</Filter>
    </ClInclude>
    <ClInclude Include="Engine\TextureManager.h">
      <Filter>Graphics</Filter>
    </ClInclude>
    <ClInclude Include="Engine\Water\WaterSurface.h">
      <Filter>Graphics</Filter>
    </ClInclude>
    <ClInclude Include="Engine\Particle.h">
      <Filter>Particle</Filter>
    </ClInclude>
    <ClInclude Include="Engine\ParticleEditor.h">
      <Filter>Particle</Filter>
    </ClInclude>
    <ClInclude Include="Engine\ParticleEmitter.h">
      <Filter>Particle</Filter>
    </ClInclude>
    <ClInclude Include="Engine\SceneManager.h">
      <Filter>Scene</Filter>
    </ClInclude>
    <ClInclude Include="Engine\IScene.h">
      <Filter>Scene</Filter>
    </ClInclude>
    <ClInclude Include="externals\imgui\imconfig.h">
      <Filter>ImGui</Filter>
    </ClInclude>
    <ClInclude Include="externals\imgui\imstb_rectpack.h">
      <Filter>ImGui</Filter>
    </ClInclude>
    <ClInclude Include="externals\imgui\imstb_textedit.h">
      <Filter>ImGui</Filter>
    </ClInclude>
    <ClInclude Include="externals\imgui\imstb_truetype.h">
      <Filter>ImGui</Filter>
    </ClInclude>
    <ClInclude Include="Engine\Components.h">
      <Filter>ECS</Filter>
    </ClInclude>
    <ClInclude Include="Engine\ECS.h">
      <Filter>ECS</Filter>
    </ClInclude>
    <ClInclude Include="Engine\RenderSystem.h">
      <Filter>ECS</Filter>
    </ClInclude>
    <ClInclude Include="Engine\CollisionSystem.h">
      <Filter>ECS</Filter>
    </ClInclude>
    <ClInclude Include="Engine\ComponentArray.h">
      <Filter>ECS</Filter>
    </ClInclude>
    <ClInclude Include="Engine\ComponentManager.h">
      <Filter>ECS</Filter>
    </ClInclude>
    <ClInclude Include="Engine\System.h">
      <Filter>ECS</Filter>
    </ClInclude>
    <ClInclude Include="Engine\SystemManager.h">
      <Filter>ECS</Filter>
    </ClInclude>
    <ClInclude Include="Engine\Coordinator.h">
      <Filter>ECS</Filter>
    </ClInclude>
    <ClInclude Include="Engine\SpatialPartition.h">
      <Filter>ECS</Filter>
    </ClInclude>
    <ClInclude Include="Engine\EntityManager.h">
      <Filter>ECS</Filter>
    </ClInclude>
    <ClInclude Include="Engine\JobSystem.h">
      <Filter>ECS</Filter>
    </ClInclude>
    <ClInclude Include="Engine\QuadTree.h" />
  </ItemGroup>
  <ItemGroup>
    <Text Include="externals\imgui\LICENSE.txt" />
  </ItemGroup>
  <ItemGroup>
    <Filter Include="ImGui">
      <UniqueIdentifier>{dc0eacd7-7097-43ab-8aee-562b48818bbd}</UniqueIdentifier>
    </Filter>
    <Filter Include="Core">
      <UniqueIdentifier>{06a6da6e-0571-4b8d-8fc5-decf0a6bb5b2}</UniqueIdentifier>
    </Filter>
    <Filter Include="Math">
      <UniqueIdentifier>{31b344e6-7458-4b7e-981c-7de6acf5ee11}</UniqueIdentifier>
    </Filter>
    <Filter Include="Graphics">
      <UniqueIdentifier>{309ad978-f970-48bd-a9e7-8ea787e26db1}</UniqueIdentifier>
    </Filter>
    <Filter Include="Particle">
      <UniqueIdentifier>{30ff2911-d542-44f0-bfe8-2e837edc1b06}</UniqueIdentifier>
    </Filter>
    <Filter Include="Scene">
      <UniqueIdentifier>{0a0322a6-f5dd-4160-9a2e-91586f766c07}</UniqueIdentifier>
    </Filter>
    <Filter Include="ECS">
      <UniqueIdentifier>{e7ac4f9b-6dbb-430b-9685-5b871c4c8104}</UniqueIdentifier>
    </Filter>
  </ItemGroup>
  <ItemGroup>
    <None Include="assessment.md" />
  </ItemGroup>
</Project>